// !$*UTF8*$!
{
	archiveVersion = 1;
	classes = {
	};
	objectVersion = 46;
	objects = {

/* Begin PBXBuildFile section */
		BA314C811CBD12B200EC86B2 /* main.m in Sources */ = {isa = PBXBuildFile; fileRef = BA314C801CBD12B200EC86B2 /* main.m */; };
		BA314C841CBD12B200EC86B2 /* AppDelegate.m in Sources */ = {isa = PBXBuildFile; fileRef = BA314C831CBD12B200EC86B2 /* AppDelegate.m */; };
		BA314C871CBD12B200EC86B2 /* HomeTopViewController.m in Sources */ = {isa = PBXBuildFile; fileRef = BA314C861CBD12B200EC86B2 /* HomeTopViewController.m */; };
		BA314C8A1CBD12B200EC86B2 /* Main.storyboard in Resources */ = {isa = PBXBuildFile; fileRef = BA314C881CBD12B200EC86B2 /* Main.storyboard */; };
		BA314C8C1CBD12B200EC86B2 /* Assets.xcassets in Resources */ = {isa = PBXBuildFile; fileRef = BA314C8B1CBD12B200EC86B2 /* Assets.xcassets */; };
		BA314C8F1CBD12B200EC86B2 /* LaunchScreen.storyboard in Resources */ = {isa = PBXBuildFile; fileRef = BA314C8D1CBD12B200EC86B2 /* LaunchScreen.storyboard */; };
		BA314C9A1CBD12B200EC86B2 /* ybwTests.m in Sources */ = {isa = PBXBuildFile; fileRef = BA314C991CBD12B200EC86B2 /* ybwTests.m */; };
		BA314CA51CBD12B200EC86B2 /* ybwUITests.m in Sources */ = {isa = PBXBuildFile; fileRef = BA314CA41CBD12B200EC86B2 /* ybwUITests.m */; };
		BA314CB41CBD138100EC86B2 /* ItemViewController.m in Sources */ = {isa = PBXBuildFile; fileRef = BA314CB31CBD138100EC86B2 /* ItemViewController.m */; };
		BA314CB81CBD147200EC86B2 /* ItemCommentViewController.m in Sources */ = {isa = PBXBuildFile; fileRef = BA314CB71CBD147200EC86B2 /* ItemCommentViewController.m */; };
		BA314CBB1CBD148E00EC86B2 /* NeedsPostViewController.m in Sources */ = {isa = PBXBuildFile; fileRef = BA314CBA1CBD148E00EC86B2 /* NeedsPostViewController.m */; };
		BA314CBE1CBD14AD00EC86B2 /* NeedsPostConfViewController.m in Sources */ = {isa = PBXBuildFile; fileRef = BA314CBD1CBD14AD00EC86B2 /* NeedsPostConfViewController.m */; };
		BA314CC11CBD14C800EC86B2 /* MyNeedsPostListViewController.m in Sources */ = {isa = PBXBuildFile; fileRef = BA314CC01CBD14C800EC86B2 /* MyNeedsPostListViewController.m */; };
		BA314CC41CBD14E000EC86B2 /* LoginViewController.m in Sources */ = {isa = PBXBuildFile; fileRef = BA314CC31CBD14E000EC86B2 /* LoginViewController.m */; };
		BA314CC71CBD14FF00EC86B2 /* QATopViewController.m in Sources */ = {isa = PBXBuildFile; fileRef = BA314CC61CBD14FF00EC86B2 /* QATopViewController.m */; };
		BA314CCA1CBD152E00EC86B2 /* InfoViewController.m in Sources */ = {isa = PBXBuildFile; fileRef = BA314CC91CBD152E00EC86B2 /* InfoViewController.m */; };
		BA314CCD1CBD154100EC86B2 /* ReportTopViewController.m in Sources */ = {isa = PBXBuildFile; fileRef = BA314CCC1CBD154100EC86B2 /* ReportTopViewController.m */; };
		BA314CD01CBD155400EC86B2 /* ContactViewController.m in Sources */ = {isa = PBXBuildFile; fileRef = BA314CCF1CBD155400EC86B2 /* ContactViewController.m */; };
		BA314CD41CBDBD9200EC86B2 /* TestHomeTopViewController.m in Sources */ = {isa = PBXBuildFile; fileRef = BA314CD31CBDBD9200EC86B2 /* TestHomeTopViewController.m */; };
		BA314CD71CBDCB0400EC86B2 /* TestSideMenuViewController.m in Sources */ = {isa = PBXBuildFile; fileRef = BA314CD61CBDCB0400EC86B2 /* TestSideMenuViewController.m */; };
		BA314CDB1CBE0D9100EC86B2 /* items_default.jpg in Resources */ = {isa = PBXBuildFile; fileRef = BA314CDA1CBE0D9100EC86B2 /* items_default.jpg */; };
/* End PBXBuildFile section */

/* Begin PBXContainerItemProxy section */
		BA314C961CBD12B200EC86B2 /* PBXContainerItemProxy */ = {
			isa = PBXContainerItemProxy;
			containerPortal = BA314C741CBD12B200EC86B2 /* Project object */;
			proxyType = 1;
			remoteGlobalIDString = BA314C7B1CBD12B200EC86B2;
			remoteInfo = ybw;
		};
		BA314CA11CBD12B200EC86B2 /* PBXContainerItemProxy */ = {
			isa = PBXContainerItemProxy;
			containerPortal = BA314C741CBD12B200EC86B2 /* Project object */;
			proxyType = 1;
			remoteGlobalIDString = BA314C7B1CBD12B200EC86B2;
			remoteInfo = ybw;
		};
/* End PBXContainerItemProxy section */

/* Begin PBXFileReference section */
		BA314C7C1CBD12B200EC86B2 /* ybw.app */ = {isa = PBXFileReference; explicitFileType = wrapper.application; includeInIndex = 0; path = ybw.app; sourceTree = BUILT_PRODUCTS_DIR; };
		BA314C801CBD12B200EC86B2 /* main.m */ = {isa = PBXFileReference; lastKnownFileType = sourcecode.c.objc; path = main.m; sourceTree = "<group>"; };
		BA314C821CBD12B200EC86B2 /* AppDelegate.h */ = {isa = PBXFileReference; lastKnownFileType = sourcecode.c.h; path = AppDelegate.h; sourceTree = "<group>"; };
		BA314C831CBD12B200EC86B2 /* AppDelegate.m */ = {isa = PBXFileReference; lastKnownFileType = sourcecode.c.objc; path = AppDelegate.m; sourceTree = "<group>"; };
		BA314C851CBD12B200EC86B2 /* HomeTopViewController.h */ = {isa = PBXFileReference; lastKnownFileType = sourcecode.c.h; path = HomeTopViewController.h; sourceTree = "<group>"; };
		BA314C861CBD12B200EC86B2 /* HomeTopViewController.m */ = {isa = PBXFileReference; lastKnownFileType = sourcecode.c.objc; path = HomeTopViewController.m; sourceTree = "<group>"; };
		BA314C891CBD12B200EC86B2 /* Base */ = {isa = PBXFileReference; lastKnownFileType = file.storyboard; name = Base; path = Base.lproj/Main.storyboard; sourceTree = "<group>"; };
		BA314C8B1CBD12B200EC86B2 /* Assets.xcassets */ = {isa = PBXFileReference; lastKnownFileType = folder.assetcatalog; path = Assets.xcassets; sourceTree = "<group>"; };
		BA314C8E1CBD12B200EC86B2 /* Base */ = {isa = PBXFileReference; lastKnownFileType = file.storyboard; name = Base; path = Base.lproj/LaunchScreen.storyboard; sourceTree = "<group>"; };
		BA314C901CBD12B200EC86B2 /* Info.plist */ = {isa = PBXFileReference; lastKnownFileType = text.plist.xml; path = Info.plist; sourceTree = "<group>"; };
		BA314C951CBD12B200EC86B2 /* ybwTests.xctest */ = {isa = PBXFileReference; explicitFileType = wrapper.cfbundle; includeInIndex = 0; path = ybwTests.xctest; sourceTree = BUILT_PRODUCTS_DIR; };
		BA314C991CBD12B200EC86B2 /* ybwTests.m */ = {isa = PBXFileReference; lastKnownFileType = sourcecode.c.objc; path = ybwTests.m; sourceTree = "<group>"; };
		BA314C9B1CBD12B200EC86B2 /* Info.plist */ = {isa = PBXFileReference; lastKnownFileType = text.plist.xml; path = Info.plist; sourceTree = "<group>"; };
		BA314CA01CBD12B200EC86B2 /* ybwUITests.xctest */ = {isa = PBXFileReference; explicitFileType = wrapper.cfbundle; includeInIndex = 0; path = ybwUITests.xctest; sourceTree = BUILT_PRODUCTS_DIR; };
		BA314CA41CBD12B200EC86B2 /* ybwUITests.m */ = {isa = PBXFileReference; lastKnownFileType = sourcecode.c.objc; path = ybwUITests.m; sourceTree = "<group>"; };
		BA314CA61CBD12B200EC86B2 /* Info.plist */ = {isa = PBXFileReference; lastKnownFileType = text.plist.xml; path = Info.plist; sourceTree = "<group>"; };
		BA314CB21CBD138100EC86B2 /* ItemViewController.h */ = {isa = PBXFileReference; fileEncoding = 4; lastKnownFileType = sourcecode.c.h; path = ItemViewController.h; sourceTree = "<group>"; };
		BA314CB31CBD138100EC86B2 /* ItemViewController.m */ = {isa = PBXFileReference; fileEncoding = 4; lastKnownFileType = sourcecode.c.objc; path = ItemViewController.m; sourceTree = "<group>"; };
		BA314CB61CBD147200EC86B2 /* ItemCommentViewController.h */ = {isa = PBXFileReference; fileEncoding = 4; lastKnownFileType = sourcecode.c.h; path = ItemCommentViewController.h; sourceTree = "<group>"; };
		BA314CB71CBD147200EC86B2 /* ItemCommentViewController.m */ = {isa = PBXFileReference; fileEncoding = 4; lastKnownFileType = sourcecode.c.objc; path = ItemCommentViewController.m; sourceTree = "<group>"; };
		BA314CB91CBD148E00EC86B2 /* NeedsPostViewController.h */ = {isa = PBXFileReference; fileEncoding = 4; lastKnownFileType = sourcecode.c.h; path = NeedsPostViewController.h; sourceTree = "<group>"; };
		BA314CBA1CBD148E00EC86B2 /* NeedsPostViewController.m */ = {isa = PBXFileReference; fileEncoding = 4; lastKnownFileType = sourcecode.c.objc; path = NeedsPostViewController.m; sourceTree = "<group>"; };
		BA314CBC1CBD14AD00EC86B2 /* NeedsPostConfViewController.h */ = {isa = PBXFileReference; fileEncoding = 4; lastKnownFileType = sourcecode.c.h; path = NeedsPostConfViewController.h; sourceTree = "<group>"; };
		BA314CBD1CBD14AD00EC86B2 /* NeedsPostConfViewController.m */ = {isa = PBXFileReference; fileEncoding = 4; lastKnownFileType = sourcecode.c.objc; path = NeedsPostConfViewController.m; sourceTree = "<group>"; };
		BA314CBF1CBD14C800EC86B2 /* MyNeedsPostListViewController.h */ = {isa = PBXFileReference; fileEncoding = 4; lastKnownFileType = sourcecode.c.h; path = MyNeedsPostListViewController.h; sourceTree = "<group>"; };
		BA314CC01CBD14C800EC86B2 /* MyNeedsPostListViewController.m */ = {isa = PBXFileReference; fileEncoding = 4; lastKnownFileType = sourcecode.c.objc; path = MyNeedsPostListViewController.m; sourceTree = "<group>"; };
		BA314CC21CBD14E000EC86B2 /* LoginViewController.h */ = {isa = PBXFileReference; fileEncoding = 4; lastKnownFileType = sourcecode.c.h; path = LoginViewController.h; sourceTree = "<group>"; };
		BA314CC31CBD14E000EC86B2 /* LoginViewController.m */ = {isa = PBXFileReference; fileEncoding = 4; lastKnownFileType = sourcecode.c.objc; path = LoginViewController.m; sourceTree = "<group>"; };
		BA314CC51CBD14FF00EC86B2 /* QATopViewController.h */ = {isa = PBXFileReference; fileEncoding = 4; lastKnownFileType = sourcecode.c.h; path = QATopViewController.h; sourceTree = "<group>"; };
		BA314CC61CBD14FF00EC86B2 /* QATopViewController.m */ = {isa = PBXFileReference; fileEncoding = 4; lastKnownFileType = sourcecode.c.objc; path = QATopViewController.m; sourceTree = "<group>"; };
		BA314CC81CBD152E00EC86B2 /* InfoViewController.h */ = {isa = PBXFileReference; fileEncoding = 4; lastKnownFileType = sourcecode.c.h; path = InfoViewController.h; sourceTree = "<group>"; };
		BA314CC91CBD152E00EC86B2 /* InfoViewController.m */ = {isa = PBXFileReference; fileEncoding = 4; lastKnownFileType = sourcecode.c.objc; path = InfoViewController.m; sourceTree = "<group>"; };
		BA314CCB1CBD154100EC86B2 /* ReportTopViewController.h */ = {isa = PBXFileReference; fileEncoding = 4; lastKnownFileType = sourcecode.c.h; path = ReportTopViewController.h; sourceTree = "<group>"; };
		BA314CCC1CBD154100EC86B2 /* ReportTopViewController.m */ = {isa = PBXFileReference; fileEncoding = 4; lastKnownFileType = sourcecode.c.objc; path = ReportTopViewController.m; sourceTree = "<group>"; };
		BA314CCE1CBD155400EC86B2 /* ContactViewController.h */ = {isa = PBXFileReference; fileEncoding = 4; lastKnownFileType = sourcecode.c.h; path = ContactViewController.h; sourceTree = "<group>"; };
		BA314CCF1CBD155400EC86B2 /* ContactViewController.m */ = {isa = PBXFileReference; fileEncoding = 4; lastKnownFileType = sourcecode.c.objc; path = ContactViewController.m; sourceTree = "<group>"; };
		BA314CD21CBDBD9200EC86B2 /* TestHomeTopViewController.h */ = {isa = PBXFileReference; fileEncoding = 4; lastKnownFileType = sourcecode.c.h; path = TestHomeTopViewController.h; sourceTree = "<group>"; };
		BA314CD31CBDBD9200EC86B2 /* TestHomeTopViewController.m */ = {isa = PBXFileReference; fileEncoding = 4; lastKnownFileType = sourcecode.c.objc; path = TestHomeTopViewController.m; sourceTree = "<group>"; };
		BA314CD51CBDCB0400EC86B2 /* TestSideMenuViewController.h */ = {isa = PBXFileReference; fileEncoding = 4; lastKnownFileType = sourcecode.c.h; path = TestSideMenuViewController.h; sourceTree = "<group>"; };
		BA314CD61CBDCB0400EC86B2 /* TestSideMenuViewController.m */ = {isa = PBXFileReference; fileEncoding = 4; lastKnownFileType = sourcecode.c.objc; path = TestSideMenuViewController.m; sourceTree = "<group>"; };
		BA314CD81CBDE5E200EC86B2 /* ybw-Prefix.pch */ = {isa = PBXFileReference; lastKnownFileType = sourcecode.c.h; path = "ybw-Prefix.pch"; sourceTree = "<group>"; };
		BA314CDA1CBE0D9100EC86B2 /* items_default.jpg */ = {isa = PBXFileReference; lastKnownFileType = image.jpeg; path = items_default.jpg; sourceTree = "<group>"; };
/* End PBXFileReference section */

/* Begin PBXFrameworksBuildPhase section */
		BA314C791CBD12B200EC86B2 /* Frameworks */ = {
			isa = PBXFrameworksBuildPhase;
			buildActionMask = 2147483647;
			files = (
			);
			runOnlyForDeploymentPostprocessing = 0;
		};
		BA314C921CBD12B200EC86B2 /* Frameworks */ = {
			isa = PBXFrameworksBuildPhase;
			buildActionMask = 2147483647;
			files = (
			);
			runOnlyForDeploymentPostprocessing = 0;
		};
		BA314C9D1CBD12B200EC86B2 /* Frameworks */ = {
			isa = PBXFrameworksBuildPhase;
			buildActionMask = 2147483647;
			files = (
			);
			runOnlyForDeploymentPostprocessing = 0;
		};
/* End PBXFrameworksBuildPhase section */

/* Begin PBXGroup section */
		BA314C731CBD12B200EC86B2 = {
			isa = PBXGroup;
			children = (
				BA314C7E1CBD12B200EC86B2 /* ybw */,
				BA314C981CBD12B200EC86B2 /* ybwTests */,
				BA314CA31CBD12B200EC86B2 /* ybwUITests */,
				BA314C7D1CBD12B200EC86B2 /* Products */,
			);
			sourceTree = "<group>";
		};
		BA314C7D1CBD12B200EC86B2 /* Products */ = {
			isa = PBXGroup;
			children = (
				BA314C7C1CBD12B200EC86B2 /* ybw.app */,
				BA314C951CBD12B200EC86B2 /* ybwTests.xctest */,
				BA314CA01CBD12B200EC86B2 /* ybwUITests.xctest */,
			);
			name = Products;
			sourceTree = "<group>";
		};
		BA314C7E1CBD12B200EC86B2 /* ybw */ = {
			isa = PBXGroup;
			children = (
				BA314CD91CBE0D1A00EC86B2 /* images */,
				BA314CD11CBDBD6800EC86B2 /* TestController */,
				BA314CD81CBDE5E200EC86B2 /* ybw-Prefix.pch */,
				BA314C821CBD12B200EC86B2 /* AppDelegate.h */,
				BA314C831CBD12B200EC86B2 /* AppDelegate.m */,
				BA314CB51CBD140400EC86B2 /* Controller */,
				BA314C881CBD12B200EC86B2 /* Main.storyboard */,
				BA314C7F1CBD12B200EC86B2 /* Supporting Files */,
			);
			path = ybw;
			sourceTree = "<group>";
		};
		BA314C7F1CBD12B200EC86B2 /* Supporting Files */ = {
			isa = PBXGroup;
			children = (
				BA314C8B1CBD12B200EC86B2 /* Assets.xcassets */,
				BA314C8D1CBD12B200EC86B2 /* LaunchScreen.storyboard */,
				BA314C901CBD12B200EC86B2 /* Info.plist */,
				BA314C801CBD12B200EC86B2 /* main.m */,
			);
			name = "Supporting Files";
			sourceTree = "<group>";
		};
		BA314C981CBD12B200EC86B2 /* ybwTests */ = {
			isa = PBXGroup;
			children = (
				BA314C991CBD12B200EC86B2 /* ybwTests.m */,
				BA314C9B1CBD12B200EC86B2 /* Info.plist */,
			);
			path = ybwTests;
			sourceTree = "<group>";
		};
		BA314CA31CBD12B200EC86B2 /* ybwUITests */ = {
			isa = PBXGroup;
			children = (
				BA314CA41CBD12B200EC86B2 /* ybwUITests.m */,
				BA314CA61CBD12B200EC86B2 /* Info.plist */,
			);
			path = ybwUITests;
			sourceTree = "<group>";
		};
		BA314CB51CBD140400EC86B2 /* Controller */ = {
			isa = PBXGroup;
			children = (
				BA314C851CBD12B200EC86B2 /* HomeTopViewController.h */,
				BA314C861CBD12B200EC86B2 /* HomeTopViewController.m */,
				BA314CB21CBD138100EC86B2 /* ItemViewController.h */,
				BA314CB31CBD138100EC86B2 /* ItemViewController.m */,
				BA314CB61CBD147200EC86B2 /* ItemCommentViewController.h */,
				BA314CB71CBD147200EC86B2 /* ItemCommentViewController.m */,
				BA314CB91CBD148E00EC86B2 /* NeedsPostViewController.h */,
				BA314CBA1CBD148E00EC86B2 /* NeedsPostViewController.m */,
				BA314CBC1CBD14AD00EC86B2 /* NeedsPostConfViewController.h */,
				BA314CBD1CBD14AD00EC86B2 /* NeedsPostConfViewController.m */,
				BA314CBF1CBD14C800EC86B2 /* MyNeedsPostListViewController.h */,
				BA314CC01CBD14C800EC86B2 /* MyNeedsPostListViewController.m */,
				BA314CC21CBD14E000EC86B2 /* LoginViewController.h */,
				BA314CC31CBD14E000EC86B2 /* LoginViewController.m */,
				BA314CC51CBD14FF00EC86B2 /* QATopViewController.h */,
				BA314CC61CBD14FF00EC86B2 /* QATopViewController.m */,
				BA314CC81CBD152E00EC86B2 /* InfoViewController.h */,
				BA314CC91CBD152E00EC86B2 /* InfoViewController.m */,
				BA314CCB1CBD154100EC86B2 /* ReportTopViewController.h */,
				BA314CCC1CBD154100EC86B2 /* ReportTopViewController.m */,
				BA314CCE1CBD155400EC86B2 /* ContactViewController.h */,
				BA314CCF1CBD155400EC86B2 /* ContactViewController.m */,
			);
			name = Controller;
			sourceTree = "<group>";
		};
		BA314CD11CBDBD6800EC86B2 /* TestController */ = {
			isa = PBXGroup;
			children = (
				BA314CD21CBDBD9200EC86B2 /* TestHomeTopViewController.h */,
				BA314CD31CBDBD9200EC86B2 /* TestHomeTopViewController.m */,
				BA314CD51CBDCB0400EC86B2 /* TestSideMenuViewController.h */,
				BA314CD61CBDCB0400EC86B2 /* TestSideMenuViewController.m */,
			);
			name = TestController;
			sourceTree = "<group>";
		};
		BA314CD91CBE0D1A00EC86B2 /* images */ = {
			isa = PBXGroup;
			children = (
				BA314CDA1CBE0D9100EC86B2 /* items_default.jpg */,
			);
			name = images;
			sourceTree = "<group>";
		};
/* End PBXGroup section */

/* Begin PBXNativeTarget section */
		BA314C7B1CBD12B200EC86B2 /* ybw */ = {
			isa = PBXNativeTarget;
			buildConfigurationList = BA314CA91CBD12B200EC86B2 /* Build configuration list for PBXNativeTarget "ybw" */;
			buildPhases = (
				BA314C781CBD12B200EC86B2 /* Sources */,
				BA314C791CBD12B200EC86B2 /* Frameworks */,
				BA314C7A1CBD12B200EC86B2 /* Resources */,
			);
			buildRules = (
			);
			dependencies = (
			);
			name = ybw;
			productName = ybw;
			productReference = BA314C7C1CBD12B200EC86B2 /* ybw.app */;
			productType = "com.apple.product-type.application";
		};
		BA314C941CBD12B200EC86B2 /* ybwTests */ = {
			isa = PBXNativeTarget;
			buildConfigurationList = BA314CAC1CBD12B200EC86B2 /* Build configuration list for PBXNativeTarget "ybwTests" */;
			buildPhases = (
				BA314C911CBD12B200EC86B2 /* Sources */,
				BA314C921CBD12B200EC86B2 /* Frameworks */,
				BA314C931CBD12B200EC86B2 /* Resources */,
			);
			buildRules = (
			);
			dependencies = (
				BA314C971CBD12B200EC86B2 /* PBXTargetDependency */,
			);
			name = ybwTests;
			productName = ybwTests;
			productReference = BA314C951CBD12B200EC86B2 /* ybwTests.xctest */;
			productType = "com.apple.product-type.bundle.unit-test";
		};
		BA314C9F1CBD12B200EC86B2 /* ybwUITests */ = {
			isa = PBXNativeTarget;
			buildConfigurationList = BA314CAF1CBD12B200EC86B2 /* Build configuration list for PBXNativeTarget "ybwUITests" */;
			buildPhases = (
				BA314C9C1CBD12B200EC86B2 /* Sources */,
				BA314C9D1CBD12B200EC86B2 /* Frameworks */,
				BA314C9E1CBD12B200EC86B2 /* Resources */,
			);
			buildRules = (
			);
			dependencies = (
				BA314CA21CBD12B200EC86B2 /* PBXTargetDependency */,
			);
			name = ybwUITests;
			productName = ybwUITests;
			productReference = BA314CA01CBD12B200EC86B2 /* ybwUITests.xctest */;
			productType = "com.apple.product-type.bundle.ui-testing";
		};
/* End PBXNativeTarget section */

/* Begin PBXProject section */
		BA314C741CBD12B200EC86B2 /* Project object */ = {
			isa = PBXProject;
			attributes = {
				LastUpgradeCheck = 0730;
				ORGANIZATIONNAME = "Manhattan-Code Inc";
				TargetAttributes = {
					BA314C7B1CBD12B200EC86B2 = {
						CreatedOnToolsVersion = 7.3;
						DevelopmentTeam = C3XQCRVD7N;
					};
					BA314C941CBD12B200EC86B2 = {
						CreatedOnToolsVersion = 7.3;
						DevelopmentTeam = C3XQCRVD7N;
						TestTargetID = BA314C7B1CBD12B200EC86B2;
					};
					BA314C9F1CBD12B200EC86B2 = {
						CreatedOnToolsVersion = 7.3;
						DevelopmentTeam = C3XQCRVD7N;
						TestTargetID = BA314C7B1CBD12B200EC86B2;
					};
				};
			};
			buildConfigurationList = BA314C771CBD12B200EC86B2 /* Build configuration list for PBXProject "ybw" */;
			compatibilityVersion = "Xcode 3.2";
			developmentRegion = English;
			hasScannedForEncodings = 0;
			knownRegions = (
				en,
				Base,
			);
			mainGroup = BA314C731CBD12B200EC86B2;
			productRefGroup = BA314C7D1CBD12B200EC86B2 /* Products */;
			projectDirPath = "";
			projectRoot = "";
			targets = (
				BA314C7B1CBD12B200EC86B2 /* ybw */,
				BA314C941CBD12B200EC86B2 /* ybwTests */,
				BA314C9F1CBD12B200EC86B2 /* ybwUITests */,
			);
		};
/* End PBXProject section */

/* Begin PBXResourcesBuildPhase section */
		BA314C7A1CBD12B200EC86B2 /* Resources */ = {
			isa = PBXResourcesBuildPhase;
			buildActionMask = 2147483647;
			files = (
				BA314C8F1CBD12B200EC86B2 /* LaunchScreen.storyboard in Resources */,
				BA314C8C1CBD12B200EC86B2 /* Assets.xcassets in Resources */,
				BA314CDB1CBE0D9100EC86B2 /* items_default.jpg in Resources */,
				BA314C8A1CBD12B200EC86B2 /* Main.storyboard in Resources */,
			);
			runOnlyForDeploymentPostprocessing = 0;
		};
		BA314C931CBD12B200EC86B2 /* Resources */ = {
			isa = PBXResourcesBuildPhase;
			buildActionMask = 2147483647;
			files = (
			);
			runOnlyForDeploymentPostprocessing = 0;
		};
		BA314C9E1CBD12B200EC86B2 /* Resources */ = {
			isa = PBXResourcesBuildPhase;
			buildActionMask = 2147483647;
			files = (
			);
			runOnlyForDeploymentPostprocessing = 0;
		};
/* End PBXResourcesBuildPhase section */

/* Begin PBXSourcesBuildPhase section */
		BA314C781CBD12B200EC86B2 /* Sources */ = {
			isa = PBXSourcesBuildPhase;
			buildActionMask = 2147483647;
			files = (
				BA314CC11CBD14C800EC86B2 /* MyNeedsPostListViewController.m in Sources */,
				BA314CBB1CBD148E00EC86B2 /* NeedsPostViewController.m in Sources */,
				BA314CCA1CBD152E00EC86B2 /* InfoViewController.m in Sources */,
				BA314CD41CBDBD9200EC86B2 /* TestHomeTopViewController.m in Sources */,
				BA314C871CBD12B200EC86B2 /* HomeTopViewController.m in Sources */,
				BA314CB41CBD138100EC86B2 /* ItemViewController.m in Sources */,
				BA314CD71CBDCB0400EC86B2 /* TestSideMenuViewController.m in Sources */,
				BA314CD01CBD155400EC86B2 /* ContactViewController.m in Sources */,
				BA314CBE1CBD14AD00EC86B2 /* NeedsPostConfViewController.m in Sources */,
				BA314CC41CBD14E000EC86B2 /* LoginViewController.m in Sources */,
				BA314CC71CBD14FF00EC86B2 /* QATopViewController.m in Sources */,
				BA314CB81CBD147200EC86B2 /* ItemCommentViewController.m in Sources */,
				BA314C841CBD12B200EC86B2 /* AppDelegate.m in Sources */,
				BA314CCD1CBD154100EC86B2 /* ReportTopViewController.m in Sources */,
				BA314C811CBD12B200EC86B2 /* main.m in Sources */,
			);
			runOnlyForDeploymentPostprocessing = 0;
		};
		BA314C911CBD12B200EC86B2 /* Sources */ = {
			isa = PBXSourcesBuildPhase;
			buildActionMask = 2147483647;
			files = (
				BA314C9A1CBD12B200EC86B2 /* ybwTests.m in Sources */,
			);
			runOnlyForDeploymentPostprocessing = 0;
		};
		BA314C9C1CBD12B200EC86B2 /* Sources */ = {
			isa = PBXSourcesBuildPhase;
			buildActionMask = 2147483647;
			files = (
				BA314CA51CBD12B200EC86B2 /* ybwUITests.m in Sources */,
			);
			runOnlyForDeploymentPostprocessing = 0;
		};
/* End PBXSourcesBuildPhase section */

/* Begin PBXTargetDependency section */
		BA314C971CBD12B200EC86B2 /* PBXTargetDependency */ = {
			isa = PBXTargetDependency;
			target = BA314C7B1CBD12B200EC86B2 /* ybw */;
			targetProxy = BA314C961CBD12B200EC86B2 /* PBXContainerItemProxy */;
		};
		BA314CA21CBD12B200EC86B2 /* PBXTargetDependency */ = {
			isa = PBXTargetDependency;
			target = BA314C7B1CBD12B200EC86B2 /* ybw */;
			targetProxy = BA314CA11CBD12B200EC86B2 /* PBXContainerItemProxy */;
		};
/* End PBXTargetDependency section */

/* Begin PBXVariantGroup section */
		BA314C881CBD12B200EC86B2 /* Main.storyboard */ = {
			isa = PBXVariantGroup;
			children = (
				BA314C891CBD12B200EC86B2 /* Base */,
			);
			name = Main.storyboard;
			sourceTree = "<group>";
		};
		BA314C8D1CBD12B200EC86B2 /* LaunchScreen.storyboard */ = {
			isa = PBXVariantGroup;
			children = (
				BA314C8E1CBD12B200EC86B2 /* Base */,
			);
			name = LaunchScreen.storyboard;
			sourceTree = "<group>";
		};
/* End PBXVariantGroup section */

/* Begin XCBuildConfiguration section */
		BA314CA71CBD12B200EC86B2 /* Debug */ = {
			isa = XCBuildConfiguration;
			buildSettings = {
				ALWAYS_SEARCH_USER_PATHS = NO;
				CLANG_ANALYZER_NONNULL = YES;
				CLANG_CXX_LANGUAGE_STANDARD = "gnu++0x";
				CLANG_CXX_LIBRARY = "libc++";
				CLANG_ENABLE_MODULES = YES;
				CLANG_ENABLE_OBJC_ARC = YES;
				CLANG_WARN_BOOL_CONVERSION = YES;
				CLANG_WARN_CONSTANT_CONVERSION = YES;
				CLANG_WARN_DIRECT_OBJC_ISA_USAGE = YES_ERROR;
				CLANG_WARN_EMPTY_BODY = YES;
				CLANG_WARN_ENUM_CONVERSION = YES;
				CLANG_WARN_INT_CONVERSION = YES;
				CLANG_WARN_OBJC_ROOT_CLASS = YES_ERROR;
				CLANG_WARN_UNREACHABLE_CODE = YES;
				CLANG_WARN__DUPLICATE_METHOD_MATCH = YES;
				"CODE_SIGN_IDENTITY[sdk=iphoneos*]" = "iPhone Developer";
				COPY_PHASE_STRIP = NO;
				DEBUG_INFORMATION_FORMAT = dwarf;
				ENABLE_STRICT_OBJC_MSGSEND = YES;
				ENABLE_TESTABILITY = YES;
				GCC_C_LANGUAGE_STANDARD = gnu99;
				GCC_DYNAMIC_NO_PIC = NO;
				GCC_NO_COMMON_BLOCKS = YES;
				GCC_OPTIMIZATION_LEVEL = 0;
				GCC_PREPROCESSOR_DEFINITIONS = (
					"DEBUG=1",
					"$(inherited)",
				);
				GCC_WARN_64_TO_32_BIT_CONVERSION = YES;
				GCC_WARN_ABOUT_RETURN_TYPE = YES_ERROR;
				GCC_WARN_UNDECLARED_SELECTOR = YES;
				GCC_WARN_UNINITIALIZED_AUTOS = YES_AGGRESSIVE;
				GCC_WARN_UNUSED_FUNCTION = YES;
				GCC_WARN_UNUSED_VARIABLE = YES;
				IPHONEOS_DEPLOYMENT_TARGET = 9.3;
				MTL_ENABLE_DEBUG_INFO = YES;
				ONLY_ACTIVE_ARCH = YES;
				SDKROOT = iphoneos;
				TARGETED_DEVICE_FAMILY = "1,2";
			};
			name = Debug;
		};
		BA314CA81CBD12B200EC86B2 /* Release */ = {
			isa = XCBuildConfiguration;
			buildSettings = {
				ALWAYS_SEARCH_USER_PATHS = NO;
				CLANG_ANALYZER_NONNULL = YES;
				CLANG_CXX_LANGUAGE_STANDARD = "gnu++0x";
				CLANG_CXX_LIBRARY = "libc++";
				CLANG_ENABLE_MODULES = YES;
				CLANG_ENABLE_OBJC_ARC = YES;
				CLANG_WARN_BOOL_CONVERSION = YES;
				CLANG_WARN_CONSTANT_CONVERSION = YES;
				CLANG_WARN_DIRECT_OBJC_ISA_USAGE = YES_ERROR;
				CLANG_WARN_EMPTY_BODY = YES;
				CLANG_WARN_ENUM_CONVERSION = YES;
				CLANG_WARN_INT_CONVERSION = YES;
				CLANG_WARN_OBJC_ROOT_CLASS = YES_ERROR;
				CLANG_WARN_UNREACHABLE_CODE = YES;
				CLANG_WARN__DUPLICATE_METHOD_MATCH = YES;
				"CODE_SIGN_IDENTITY[sdk=iphoneos*]" = "iPhone Developer";
				COPY_PHASE_STRIP = NO;
				DEBUG_INFORMATION_FORMAT = "dwarf-with-dsym";
				ENABLE_NS_ASSERTIONS = NO;
				ENABLE_STRICT_OBJC_MSGSEND = YES;
				GCC_C_LANGUAGE_STANDARD = gnu99;
				GCC_NO_COMMON_BLOCKS = YES;
				GCC_WARN_64_TO_32_BIT_CONVERSION = YES;
				GCC_WARN_ABOUT_RETURN_TYPE = YES_ERROR;
				GCC_WARN_UNDECLARED_SELECTOR = YES;
				GCC_WARN_UNINITIALIZED_AUTOS = YES_AGGRESSIVE;
				GCC_WARN_UNUSED_FUNCTION = YES;
				GCC_WARN_UNUSED_VARIABLE = YES;
				IPHONEOS_DEPLOYMENT_TARGET = 9.3;
				MTL_ENABLE_DEBUG_INFO = NO;
				SDKROOT = iphoneos;
				TARGETED_DEVICE_FAMILY = "1,2";
				VALIDATE_PRODUCT = YES;
			};
			name = Release;
		};
		BA314CAA1CBD12B200EC86B2 /* Debug */ = {
			isa = XCBuildConfiguration;
			buildSettings = {
				ASSETCATALOG_COMPILER_APPICON_NAME = AppIcon;
				GCC_PREFIX_HEADER = "ybw/ybw-Prefix.pch";
				INFOPLIST_FILE = ybw/Info.plist;
				LD_RUNPATH_SEARCH_PATHS = "$(inherited) @executable_path/Frameworks";
				PRODUCT_BUNDLE_IDENTIFIER = "com.mht-code.ybw";
				PRODUCT_NAME = "$(TARGET_NAME)";
			};
			name = Debug;
		};
		BA314CAB1CBD12B200EC86B2 /* Release */ = {
			isa = XCBuildConfiguration;
			buildSettings = {
				ASSETCATALOG_COMPILER_APPICON_NAME = AppIcon;
				GCC_PREFIX_HEADER = "ybw/ybw-Prefix.pch";
				INFOPLIST_FILE = ybw/Info.plist;
				LD_RUNPATH_SEARCH_PATHS = "$(inherited) @executable_path/Frameworks";
				PRODUCT_BUNDLE_IDENTIFIER = "com.mht-code.ybw";
				PRODUCT_NAME = "$(TARGET_NAME)";
			};
			name = Release;
		};
		BA314CAD1CBD12B200EC86B2 /* Debug */ = {
			isa = XCBuildConfiguration;
			buildSettings = {
				BUNDLE_LOADER = "$(TEST_HOST)";
				INFOPLIST_FILE = ybwTests/Info.plist;
				LD_RUNPATH_SEARCH_PATHS = "$(inherited) @executable_path/Frameworks @loader_path/Frameworks";
				PRODUCT_BUNDLE_IDENTIFIER = "com.mht-code.ybwTests";
				PRODUCT_NAME = "$(TARGET_NAME)";
				TEST_HOST = "$(BUILT_PRODUCTS_DIR)/ybw.app/ybw";
			};
			name = Debug;
		};
		BA314CAE1CBD12B200EC86B2 /* Release */ = {
			isa = XCBuildConfiguration;
			buildSettings = {
				BUNDLE_LOADER = "$(TEST_HOST)";
				INFOPLIST_FILE = ybwTests/Info.plist;
				LD_RUNPATH_SEARCH_PATHS = "$(inherited) @executable_path/Frameworks @loader_path/Frameworks";
				PRODUCT_BUNDLE_IDENTIFIER = "com.mht-code.ybwTests";
				PRODUCT_NAME = "$(TARGET_NAME)";
				TEST_HOST = "$(BUILT_PRODUCTS_DIR)/ybw.app/ybw";
			};
			name = Release;
		};
		BA314CB01CBD12B200EC86B2 /* Debug */ = {
			isa = XCBuildConfiguration;
			buildSettings = {
				INFOPLIST_FILE = ybwUITests/Info.plist;
				LD_RUNPATH_SEARCH_PATHS = "$(inherited) @executable_path/Frameworks @loader_path/Frameworks";
				PRODUCT_BUNDLE_IDENTIFIER = "com.mht-code.ybwUITests";
				PRODUCT_NAME = "$(TARGET_NAME)";
				TEST_TARGET_NAME = ybw;
			};
			name = Debug;
		};
		BA314CB11CBD12B200EC86B2 /* Release */ = {
			isa = XCBuildConfiguration;
			buildSettings = {
				INFOPLIST_FILE = ybwUITests/Info.plist;
				LD_RUNPATH_SEARCH_PATHS = "$(inherited) @executable_path/Frameworks @loader_path/Frameworks";
				PRODUCT_BUNDLE_IDENTIFIER = "com.mht-code.ybwUITests";
				PRODUCT_NAME = "$(TARGET_NAME)";
				TEST_TARGET_NAME = ybw;
			};
			name = Release;
		};
/* End XCBuildConfiguration section */

/* Begin XCConfigurationList section */
		BA314C771CBD12B200EC86B2 /* Build configuration list for PBXProject "ybw" */ = {
			isa = XCConfigurationList;
			buildConfigurations = (
				BA314CA71CBD12B200EC86B2 /* Debug */,
				BA314CA81CBD12B200EC86B2 /* Release */,
			);
			defaultConfigurationIsVisible = 0;
			defaultConfigurationName = Release;
		};
		BA314CA91CBD12B200EC86B2 /* Build configuration list for PBXNativeTarget "ybw" */ = {
			isa = XCConfigurationList;
			buildConfigurations = (
				BA314CAA1CBD12B200EC86B2 /* Debug */,
				BA314CAB1CBD12B200EC86B2 /* Release */,
			);
			defaultConfigurationIsVisible = 0;
		};
		BA314CAC1CBD12B200EC86B2 /* Build configuration list for PBXNativeTarget "ybwTests" */ = {
			isa = XCConfigurationList;
			buildConfigurations = (
				BA314CAD1CBD12B200EC86B2 /* Debug */,
				BA314CAE1CBD12B200EC86B2 /* Release */,
			);
			defaultConfigurationIsVisible = 0;
		};
		BA314CAF1CBD12B200EC86B2 /* Build configuration list for PBXNativeTarget "ybwUITests" */ = {
			isa = XCConfigurationList;
			buildConfigurations = (
				BA314CB01CBD12B200EC86B2 /* Debug */,
				BA314CB11CBD12B200EC86B2 /* Release */,
			);
			defaultConfigurationIsVisible = 0;
		};
/* End XCConfigurationList section */
	};
	rootObject = BA314C741CBD12B200EC86B2 /* Project object */;
}
